
Microsoft Visual Studio Solution File, Format Version 12.00
# Visual Studio Version 17
VisualStudioVersion = 17.1.32319.34
MinimumVisualStudioVersion = 10.0.40219.1
Project("{8BC9CEB8-8B4A-11D0-8D11-00A0C91BC942}") = "CheckOneEditDistance", "CheckOneEditDistance\CheckOneEditDistance.vcxproj", "{75158CC8-54E2-4E5E-9D0F-4221320D9FC3}"
EndProject
Global
	GlobalSection(SolutionConfigurationPlatforms) = preSolution
		Debug|x64 = Debug|x64
		Debug|x86 = Debug|x86
		Release|x64 = Release|x64
		Release|x86 = Release|x86
	EndGlobalSection
	GlobalSection(ProjectConfigurationPlatforms) = postSolution
		{75158CC8-54E2-4E5E-9D0F-4221320D9FC3}.Debug|x64.ActiveCfg = Debug|x64
		{75158CC8-54E2-4E5E-9D0F-4221320D9FC3}.Debug|x64.Build.0 = Debug|x64
		{75158CC8-54E2-4E5E-9D0F-4221320D9FC3}.Debug|x86.ActiveCfg = Debug|Win32
		{75158CC8-54E2-4E5E-9D0F-4221320D9FC3}.Debug|x86.Build.0 = Debug|Win32
		{75158CC8-54E2-4E5E-9D0F-4221320D9FC3}.Release|x64.ActiveCfg = Release|x64
		{75158CC8-54E2-4E5E-9D0F-4221320D9FC3}.Release|x64.Build.0 = Release|x64
		{75158CC8-54E2-4E5E-9D0F-4221320D9FC3}.Release|x86.ActiveCfg = Release|Win32
		{75158CC8-54E2-4E5E-9D0F-4221320D9FC3}.Release|x86.Build.0 = Release|Win32
	EndGlobalSection
	GlobalSection(SolutionProperties) = preSolution
		HideSolutionNode = FALSE
	EndGlobalSection
	GlobalSection(ExtensibilityGlobals) = postSolution
		SolutionGuid = {9B547470-437A-4438-BFD9-DF9DBC051768}
	EndGlobalSection
EndGlobal
